github.com/CannibalVox/cgoparam v1.1.0 h1:6UDDhOpT06csFE2vkcanXsIJmebMc9o+6Vzhvi4i0wY=
github.com/CannibalVox/cgoparam v1.1.0/go.mod h1:9LDFLuHVgE+IIBDd1QFN3dPqmGQN9bS6H+NPizMv2fA=
github.com/davecgh/go-spew v1.1.1 h1:vj9j/u1bqnvCEfJOwUhtlOARqs3+rkHYY13jYWTU97c=
github.com/golang/mock v1.6.0 h1:ErTB+efbowRARo13NNdxyJji2egdxLGQhRaY+DUumQc=
github.com/google/uuid v1.3.0 h1:t6JiXgmwXMjEs8VusXIJk2BXHsn+wx8BZdTaoZ5fu7I=
github.com/google/uuid v1.3.0/go.mod h1:TIyPZe4MgqvfeYDBFedMoGGpEw/LqOeaOT+nhxU+yHo=
github.com/pkg/errors v0.9.1 h1:FEBLx1zS214owpjy7qsBeixbURkuhQAwrK5UwLGTwt4=
github.com/pkg/errors v0.9.1/go.mod h1:bwawxfHBFNV+L2hUp1rHADufV3IMtnDRdf1r5NINEl0=
github.com/pmezard/go-difflib v1.0.0 h1:4DBwDE0NGyQoBHbLQYPwSUPoCMWR5BEzIk/f1lZbAQM=
github.com/stretchr/testify v1.8.2 h1:+h33VjcLVPDHtOdpUCuF+7gSuG3yGIftsP1YvFihtJ8=
github.com/veandco/go-sdl2 v0.4.34 h1:dqbUhV/SSJ35grdYTLv3iVxtO1NzNmgzMV//hyCyypY=
github.com/veandco/go-sdl2 v0.4.34/go.mod h1:OROqMhHD43nT4/i9crJukyVecjPNYYuCofep6SNiAjY=
github.com/vkngwrapper/core/v2 v2.2.1 h1:8xw2tuIXAeyNQj4mnDA7BHO6T6f7ba08UbJZB7UM6xg=
github.com/vkngwrapper/core/v2 v2.2.1/go.mod h1:EWABLJZGHa8nyeO4Bh9eR/V862HAz+Fvk5DitkOvYF4=
github.com/vkngwrapper/extensions/v2 v2.2.0 h1:2ZP+Nom2EbefqgR2EPherJRS836wSWPoXeOLvV7aUuY=
github.com/vkngwrapper/extensions/v2 v2.2.0/go.mod h1:55exjYwTUyQVNS/zhrC/Or/c2CA4Q9Cj/88Tu9EqlJ0=
gopkg.in/yaml.v3 v3.0.1 h1:fxVm/GzAzEWqLHuvctI91KS9hhNmmWOoWu0XTYJS7CA=
